// !$*UTF8*$!
{
	archiveVersion = 1;
	classes = {
	};
	objectVersion = 50;
	objects = {

/* Begin PBXBuildFile section */
		319865192525F19100C64013 /* AppDelegate.swift in Sources */ = {isa = PBXBuildFile; fileRef = 319865182525F19100C64013 /* AppDelegate.swift */; };
		3198651B2525F19100C64013 /* SceneDelegate.swift in Sources */ = {isa = PBXBuildFile; fileRef = 3198651A2525F19100C64013 /* SceneDelegate.swift */; };
		3198651D2525F19100C64013 /* ViewController.swift in Sources */ = {isa = PBXBuildFile; fileRef = 3198651C2525F19100C64013 /* ViewController.swift */; };
		319865202525F19100C64013 /* Main.storyboard in Resources */ = {isa = PBXBuildFile; fileRef = 3198651E2525F19100C64013 /* Main.storyboard */; };
		319865222525F19200C64013 /* Assets.xcassets in Resources */ = {isa = PBXBuildFile; fileRef = 319865212525F19200C64013 /* Assets.xcassets */; };
		319865252525F19200C64013 /* LaunchScreen.storyboard in Resources */ = {isa = PBXBuildFile; fileRef = 319865232525F19200C64013 /* LaunchScreen.storyboard */; };
		319865302525F19200C64013 /* SimpleCurrencyTests.swift in Sources */ = {isa = PBXBuildFile; fileRef = 3198652F2525F19200C64013 /* SimpleCurrencyTests.swift */; };
		3198653B2525F19200C64013 /* SimpleCurrencyUITests.swift in Sources */ = {isa = PBXBuildFile; fileRef = 3198653A2525F19200C64013 /* SimpleCurrencyUITests.swift */; };
/* End PBXBuildFile section */

/* Begin PBXContainerItemProxy section */
		3198652C2525F19200C64013 /* PBXContainerItemProxy */ = {
			isa = PBXContainerItemProxy;
			containerPortal = 3198650D2525F19100C64013 /* Project object */;
			proxyType = 1;
			remoteGlobalIDString = 319865142525F19100C64013;
			remoteInfo = SimpleCurrency;
		};
		319865372525F19200C64013 /* PBXContainerItemProxy */ = {
			isa = PBXContainerItemProxy;
			containerPortal = 3198650D2525F19100C64013 /* Project object */;
			proxyType = 1;
			remoteGlobalIDString = 319865142525F19100C64013;
			remoteInfo = SimpleCurrency;
		};
/* End PBXContainerItemProxy section */

/* Begin PBXFileReference section */
		319865152525F19100C64013 /* SimpleCurrency.app */ = {isa = PBXFileReference; explicitFileType = wrapper.application; includeInIndex = 0; path = SimpleCurrency.app; sourceTree = BUILT_PRODUCTS_DIR; };
		319865182525F19100C64013 /* AppDelegate.swift */ = {isa = PBXFileReference; lastKnownFileType = sourcecode.swift; path = AppDelegate.swift; sourceTree = "<group>"; };
		3198651A2525F19100C64013 /* SceneDelegate.swift */ = {isa = PBXFileReference; lastKnownFileType = sourcecode.swift; path = SceneDelegate.swift; sourceTree = "<group>"; };
		3198651C2525F19100C64013 /* ViewController.swift */ = {isa = PBXFileReference; lastKnownFileType = sourcecode.swift; path = ViewController.swift; sourceTree = "<group>"; };
		3198651F2525F19100C64013 /* Base */ = {isa = PBXFileReference; lastKnownFileType = file.storyboard; name = Base; path = Base.lproj/Main.storyboard; sourceTree = "<group>"; };
		319865212525F19200C64013 /* Assets.xcassets */ = {isa = PBXFileReference; lastKnownFileType = folder.assetcatalog; path = Assets.xcassets; sourceTree = "<group>"; };
		319865242525F19200C64013 /* Base */ = {isa = PBXFileReference; lastKnownFileType = file.storyboard; name = Base; path = Base.lproj/LaunchScreen.storyboard; sourceTree = "<group>"; };
		319865262525F19200C64013 /* Info.plist */ = {isa = PBXFileReference; lastKnownFileType = text.plist.xml; path = Info.plist; sourceTree = "<group>"; };
		3198652B2525F19200C64013 /* SimpleCurrencyTests.xctest */ = {isa = PBXFileReference; explicitFileType = wrapper.cfbundle; includeInIndex = 0; path = SimpleCurrencyTests.xctest; sourceTree = BUILT_PRODUCTS_DIR; };
		3198652F2525F19200C64013 /* SimpleCurrencyTests.swift */ = {isa = PBXFileReference; lastKnownFileType = sourcecode.swift; path = SimpleCurrencyTests.swift; sourceTree = "<group>"; };
		319865312525F19200C64013 /* Info.plist */ = {isa = PBXFileReference; lastKnownFileType = text.plist.xml; path = Info.plist; sourceTree = "<group>"; };
		319865362525F19200C64013 /* SimpleCurrencyUITests.xctest */ = {isa = PBXFileReference; explicitFileType = wrapper.cfbundle; includeInIndex = 0; path = SimpleCurrencyUITests.xctest; sourceTree = BUILT_PRODUCTS_DIR; };
		3198653A2525F19200C64013 /* SimpleCurrencyUITests.swift */ = {isa = PBXFileReference; lastKnownFileType = sourcecode.swift; path = SimpleCurrencyUITests.swift; sourceTree = "<group>"; };
		3198653C2525F19200C64013 /* Info.plist */ = {isa = PBXFileReference; lastKnownFileType = text.plist.xml; path = Info.plist; sourceTree = "<group>"; };
/* End PBXFileReference section */

/* Begin PBXFrameworksBuildPhase section */
		319865122525F19100C64013 /* Frameworks */ = {
			isa = PBXFrameworksBuildPhase;
			buildActionMask = 2147483647;
			files = (
			);
			runOnlyForDeploymentPostprocessing = 0;
		};
		319865282525F19200C64013 /* Frameworks */ = {
			isa = PBXFrameworksBuildPhase;
			buildActionMask = 2147483647;
			files = (
			);
			runOnlyForDeploymentPostprocessing = 0;
		};
		319865332525F19200C64013 /* Frameworks */ = {
			isa = PBXFrameworksBuildPhase;
			buildActionMask = 2147483647;
			files = (
			);
			runOnlyForDeploymentPostprocessing = 0;
		};
/* End PBXFrameworksBuildPhase section */

/* Begin PBXGroup section */
		3198650C2525F19100C64013 = {
			isa = PBXGroup;
			children = (
				319865172525F19100C64013 /* SimpleCurrency */,
				3198652E2525F19200C64013 /* SimpleCurrencyTests */,
				319865392525F19200C64013 /* SimpleCurrencyUITests */,
				319865162525F19100C64013 /* Products */,
			);
			sourceTree = "<group>";
		};
		319865162525F19100C64013 /* Products */ = {
			isa = PBXGroup;
			children = (
				319865152525F19100C64013 /* SimpleCurrency.app */,
				3198652B2525F19200C64013 /* SimpleCurrencyTests.xctest */,
				319865362525F19200C64013 /* SimpleCurrencyUITests.xctest */,
			);
			name = Products;
			sourceTree = "<group>";
		};
		319865172525F19100C64013 /* SimpleCurrency */ = {
			isa = PBXGroup;
			children = (
				319865182525F19100C64013 /* AppDelegate.swift */,
				3198651A2525F19100C64013 /* SceneDelegate.swift */,
				3198651C2525F19100C64013 /* ViewController.swift */,
				3198651E2525F19100C64013 /* Main.storyboard */,
				319865212525F19200C64013 /* Assets.xcassets */,
				319865232525F19200C64013 /* LaunchScreen.storyboard */,
				319865262525F19200C64013 /* Info.plist */,
			);
			path = SimpleCurrency;
			sourceTree = "<group>";
		};
		3198652E2525F19200C64013 /* SimpleCurrencyTests */ = {
			isa = PBXGroup;
			children = (
				3198652F2525F19200C64013 /* SimpleCurrencyTests.swift */,
				319865312525F19200C64013 /* Info.plist */,
			);
			path = SimpleCurrencyTests;
			sourceTree = "<group>";
		};
		319865392525F19200C64013 /* SimpleCurrencyUITests */ = {
			isa = PBXGroup;
			children = (
				3198653A2525F19200C64013 /* SimpleCurrencyUITests.swift */,
				3198653C2525F19200C64013 /* Info.plist */,
			);
			path = SimpleCurrencyUITests;
			sourceTree = "<group>";
		};
/* End PBXGroup section */

/* Begin PBXNativeTarget section */
		319865142525F19100C64013 /* SimpleCurrency */ = {
			isa = PBXNativeTarget;
			buildConfigurationList = 3198653F2525F19200C64013 /* Build configuration list for PBXNativeTarget "SimpleCurrency" */;
			buildPhases = (
				319865112525F19100C64013 /* Sources */,
				319865122525F19100C64013 /* Frameworks */,
				319865132525F19100C64013 /* Resources */,
			);
			buildRules = (
			);
			dependencies = (
			);
			name = SimpleCurrency;
			productName = SimpleCurrency;
			productReference = 319865152525F19100C64013 /* SimpleCurrency.app */;
			productType = "com.apple.product-type.application";
		};
		3198652A2525F19200C64013 /* SimpleCurrencyTests */ = {
			isa = PBXNativeTarget;
			buildConfigurationList = 319865422525F19200C64013 /* Build configuration list for PBXNativeTarget "SimpleCurrencyTests" */;
			buildPhases = (
				319865272525F19200C64013 /* Sources */,
				319865282525F19200C64013 /* Frameworks */,
				319865292525F19200C64013 /* Resources */,
			);
			buildRules = (
			);
			dependencies = (
				3198652D2525F19200C64013 /* PBXTargetDependency */,
			);
			name = SimpleCurrencyTests;
			productName = SimpleCurrencyTests;
			productReference = 3198652B2525F19200C64013 /* SimpleCurrencyTests.xctest */;
			productType = "com.apple.product-type.bundle.unit-test";
		};
		319865352525F19200C64013 /* SimpleCurrencyUITests */ = {
			isa = PBXNativeTarget;
			buildConfigurationList = 319865452525F19200C64013 /* Build configuration list for PBXNativeTarget "SimpleCurrencyUITests" */;
			buildPhases = (
				319865322525F19200C64013 /* Sources */,
				319865332525F19200C64013 /* Frameworks */,
				319865342525F19200C64013 /* Resources */,
			);
			buildRules = (
			);
			dependencies = (
				319865382525F19200C64013 /* PBXTargetDependency */,
			);
			name = SimpleCurrencyUITests;
			productName = SimpleCurrencyUITests;
			productReference = 319865362525F19200C64013 /* SimpleCurrencyUITests.xctest */;
			productType = "com.apple.product-type.bundle.ui-testing";
		};
/* End PBXNativeTarget section */

/* Begin PBXProject section */
		3198650D2525F19100C64013 /* Project object */ = {
			isa = PBXProject;
			attributes = {
				LastSwiftUpdateCheck = 1160;
				LastUpgradeCheck = 1160;
				ORGANIZATIONNAME = "Ramzil Bayguskarov";
				TargetAttributes = {
					319865142525F19100C64013 = {
						CreatedOnToolsVersion = 11.6;
					};
					3198652A2525F19200C64013 = {
						CreatedOnToolsVersion = 11.6;
						TestTargetID = 319865142525F19100C64013;
					};
					319865352525F19200C64013 = {
						CreatedOnToolsVersion = 11.6;
						TestTargetID = 319865142525F19100C64013;
					};
				};
			};
			buildConfigurationList = 319865102525F19100C64013 /* Build configuration list for PBXProject "SimpleCurrency" */;
			compatibilityVersion = "Xcode 9.3";
			developmentRegion = en;
			hasScannedForEncodings = 0;
			knownRegions = (
				en,
				Base,
			);
			mainGroup = 3198650C2525F19100C64013;
			productRefGroup = 319865162525F19100C64013 /* Products */;
			projectDirPath = "";
			projectRoot = "";
			targets = (
				319865142525F19100C64013 /* SimpleCurrency */,
				3198652A2525F19200C64013 /* SimpleCurrencyTests */,
				319865352525F19200C64013 /* SimpleCurrencyUITests */,
			);
		};
/* End PBXProject section */

/* Begin PBXResourcesBuildPhase section */
		319865132525F19100C64013 /* Resources */ = {
			isa = PBXResourcesBuildPhase;
			buildActionMask = 2147483647;
			files = (
				319865252525F19200C64013 /* LaunchScreen.storyboard in Resources */,
				319865222525F19200C64013 /* Assets.xcassets in Resources */,
				319865202525F19100C64013 /* Main.storyboard in Resources */,
			);
			runOnlyForDeploymentPostprocessing = 0;
		};
		319865292525F19200C64013 /* Resources */ = {
			isa = PBXResourcesBuildPhase;
			buildActionMask = 2147483647;
			files = (
			);
			runOnlyForDeploymentPostprocessing = 0;
		};
		319865342525F19200C64013 /* Resources */ = {
			isa = PBXResourcesBuildPhase;
			buildActionMask = 2147483647;
			files = (
			);
			runOnlyForDeploymentPostprocessing = 0;
		};
/* End PBXResourcesBuildPhase section */

/* Begin PBXSourcesBuildPhase section */
		319865112525F19100C64013 /* Sources */ = {
			isa = PBXSourcesBuildPhase;
			buildActionMask = 2147483647;
			files = (
				3198651D2525F19100C64013 /* ViewController.swift in Sources */,
				319865192525F19100C64013 /* AppDelegate.swift in Sources */,
				3198651B2525F19100C64013 /* SceneDelegate.swift in Sources */,
			);
			runOnlyForDeploymentPostprocessing = 0;
		};
		319865272525F19200C64013 /* Sources */ = {
			isa = PBXSourcesBuildPhase;
			buildActionMask = 2147483647;
			files = (
				319865302525F19200C64013 /* SimpleCurrencyTests.swift in Sources */,
			);
			runOnlyForDeploymentPostprocessing = 0;
		};
		319865322525F19200C64013 /* Sources */ = {
			isa = PBXSourcesBuildPhase;
			buildActionMask = 2147483647;
			files = (
				3198653B2525F19200C64013 /* SimpleCurrencyUITests.swift in Sources */,
			);
			runOnlyForDeploymentPostprocessing = 0;
		};
/* End PBXSourcesBuildPhase section */

/* Begin PBXTargetDependency section */
		3198652D2525F19200C64013 /* PBXTargetDependency */ = {
			isa = PBXTargetDependency;
			target = 319865142525F19100C64013 /* SimpleCurrency */;
			targetProxy = 3198652C2525F19200C64013 /* PBXContainerItemProxy */;
		};
		319865382525F19200C64013 /* PBXTargetDependency */ = {
			isa = PBXTargetDependency;
			target = 319865142525F19100C64013 /* SimpleCurrency */;
			targetProxy = 319865372525F19200C64013 /* PBXContainerItemProxy */;
		};
/* End PBXTargetDependency section */

/* Begin PBXVariantGroup section */
		3198651E2525F19100C64013 /* Main.storyboard */ = {
			isa = PBXVariantGroup;
			children = (
				3198651F2525F19100C64013 /* Base */,
			);
			name = Main.storyboard;
			sourceTree = "<group>";
		};
		319865232525F19200C64013 /* LaunchScreen.storyboard */ = {
			isa = PBXVariantGroup;
			children = (
				319865242525F19200C64013 /* Base */,
			);
			name = LaunchScreen.storyboard;
			sourceTree = "<group>";
		};
/* End PBXVariantGroup section */

/* Begin XCBuildConfiguration section */
		3198653D2525F19200C64013 /* Debug */ = {
			isa = XCBuildConfiguration;
			buildSettings = {
				ALWAYS_SEARCH_USER_PATHS = NO;
				CLANG_ANALYZER_NONNULL = YES;
				CLANG_ANALYZER_NUMBER_OBJECT_CONVERSION = YES_AGGRESSIVE;
				CLANG_CXX_LANGUAGE_STANDARD = "gnu++14";
				CLANG_CXX_LIBRARY = "libc++";
				CLANG_ENABLE_MODULES = YES;
				CLANG_ENABLE_OBJC_ARC = YES;
				CLANG_ENABLE_OBJC_WEAK = YES;
				CLANG_WARN_BLOCK_CAPTURE_AUTORELEASING = YES;
				CLANG_WARN_BOOL_CONVERSION = YES;
				CLANG_WARN_COMMA = YES;
				CLANG_WARN_CONSTANT_CONVERSION = YES;
				CLANG_WARN_DEPRECATED_OBJC_IMPLEMENTATIONS = YES;
				CLANG_WARN_DIRECT_OBJC_ISA_USAGE = YES_ERROR;
				CLANG_WARN_DOCUMENTATION_COMMENTS = YES;
				CLANG_WARN_EMPTY_BODY = YES;
				CLANG_WARN_ENUM_CONVERSION = YES;
				CLANG_WARN_INFINITE_RECURSION = YES;
				CLANG_WARN_INT_CONVERSION = YES;
				CLANG_WARN_NON_LITERAL_NULL_CONVERSION = YES;
				CLANG_WARN_OBJC_IMPLICIT_RETAIN_SELF = YES;
				CLANG_WARN_OBJC_LITERAL_CONVERSION = YES;
				CLANG_WARN_OBJC_ROOT_CLASS = YES_ERROR;
				CLANG_WARN_RANGE_LOOP_ANALYSIS = YES;
				CLANG_WARN_STRICT_PROTOTYPES = YES;
				CLANG_WARN_SUSPICIOUS_MOVE = YES;
				CLANG_WARN_UNGUARDED_AVAILABILITY = YES_AGGRESSIVE;
				CLANG_WARN_UNREACHABLE_CODE = YES;
				CLANG_WARN__DUPLICATE_METHOD_MATCH = YES;
				COPY_PHASE_STRIP = NO;
				DEBUG_INFORMATION_FORMAT = dwarf;
				ENABLE_STRICT_OBJC_MSGSEND = YES;
				ENABLE_TESTABILITY = YES;
				GCC_C_LANGUAGE_STANDARD = gnu11;
				GCC_DYNAMIC_NO_PIC = NO;
				GCC_NO_COMMON_BLOCKS = YES;
				GCC_OPTIMIZATION_LEVEL = 0;
				GCC_PREPROCESSOR_DEFINITIONS = (
					"DEBUG=1",
					"$(inherited)",
				);
				GCC_WARN_64_TO_32_BIT_CONVERSION = YES;
				GCC_WARN_ABOUT_RETURN_TYPE = YES_ERROR;
				GCC_WARN_UNDECLARED_SELECTOR = YES;
				GCC_WARN_UNINITIALIZED_AUTOS = YES_AGGRESSIVE;
				GCC_WARN_UNUSED_FUNCTION = YES;
				GCC_WARN_UNUSED_VARIABLE = YES;
				IPHONEOS_DEPLOYMENT_TARGET = 13.6;
				MTL_ENABLE_DEBUG_INFO = INCLUDE_SOURCE;
				MTL_FAST_MATH = YES;
				ONLY_ACTIVE_ARCH = YES;
				SDKROOT = iphoneos;
				SWIFT_ACTIVE_COMPILATION_CONDITIONS = DEBUG;
				SWIFT_OPTIMIZATION_LEVEL = "-Onone";
			};
			name = Debug;
		};
		3198653E2525F19200C64013 /* Release */ = {
			isa = XCBuildConfiguration;
			buildSettings = {
				ALWAYS_SEARCH_USER_PATHS = NO;
				CLANG_ANALYZER_NONNULL = YES;
				CLANG_ANALYZER_NUMBER_OBJECT_CONVERSION = YES_AGGRESSIVE;
				CLANG_CXX_LANGUAGE_STANDARD = "gnu++14";
				CLANG_CXX_LIBRARY = "libc++";
				CLANG_ENABLE_MODULES = YES;
				CLANG_ENABLE_OBJC_ARC = YES;
				CLANG_ENABLE_OBJC_WEAK = YES;
				CLANG_WARN_BLOCK_CAPTURE_AUTORELEASING = YES;
				CLANG_WARN_BOOL_CONVERSION = YES;
				CLANG_WARN_COMMA = YES;
				CLANG_WARN_CONSTANT_CONVERSION = YES;
				CLANG_WARN_DEPRECATED_OBJC_IMPLEMENTATIONS = YES;
				CLANG_WARN_DIRECT_OBJC_ISA_USAGE = YES_ERROR;
				CLANG_WARN_DOCUMENTATION_COMMENTS = YES;
				CLANG_WARN_EMPTY_BODY = YES;
				CLANG_WARN_ENUM_CONVERSION = YES;
				CLANG_WARN_INFINITE_RECURSION = YES;
				CLANG_WARN_INT_CONVERSION = YES;
				CLANG_WARN_NON_LITERAL_NULL_CONVERSION = YES;
				CLANG_WARN_OBJC_IMPLICIT_RETAIN_SELF = YES;
				CLANG_WARN_OBJC_LITERAL_CONVERSION = YES;
				CLANG_WARN_OBJC_ROOT_CLASS = YES_ERROR;
				CLANG_WARN_RANGE_LOOP_ANALYSIS = YES;
				CLANG_WARN_STRICT_PROTOTYPES = YES;
				CLANG_WARN_SUSPICIOUS_MOVE = YES;
				CLANG_WARN_UNGUARDED_AVAILABILITY = YES_AGGRESSIVE;
				CLANG_WARN_UNREACHABLE_CODE = YES;
				CLANG_WARN__DUPLICATE_METHOD_MATCH = YES;
				COPY_PHASE_STRIP = NO;
				DEBUG_INFORMATION_FORMAT = "dwarf-with-dsym";
				ENABLE_NS_ASSERTIONS = NO;
				ENABLE_STRICT_OBJC_MSGSEND = YES;
				GCC_C_LANGUAGE_STANDARD = gnu11;
				GCC_NO_COMMON_BLOCKS = YES;
				GCC_WARN_64_TO_32_BIT_CONVERSION = YES;
				GCC_WARN_ABOUT_RETURN_TYPE = YES_ERROR;
				GCC_WARN_UNDECLARED_SELECTOR = YES;
				GCC_WARN_UNINITIALIZED_AUTOS = YES_AGGRESSIVE;
				GCC_WARN_UNUSED_FUNCTION = YES;
				GCC_WARN_UNUSED_VARIABLE = YES;
				IPHONEOS_DEPLOYMENT_TARGET = 13.6;
				MTL_ENABLE_DEBUG_INFO = NO;
				MTL_FAST_MATH = YES;
				SDKROOT = iphoneos;
				SWIFT_COMPILATION_MODE = wholemodule;
				SWIFT_OPTIMIZATION_LEVEL = "-O";
				VALIDATE_PRODUCT = YES;
			};
			name = Release;
		};
		319865402525F19200C64013 /* Debug */ = {
			isa = XCBuildConfiguration;
			buildSettings = {
				ASSETCATALOG_COMPILER_APPICON_NAME = AppIcon;
				CODE_SIGN_STYLE = Automatic;
				DEVELOPMENT_TEAM = XJX96H8YYG;
				INFOPLIST_FILE = SimpleCurrency/Info.plist;
				LD_RUNPATH_SEARCH_PATHS = (
					"$(inherited)",
					"@executable_path/Frameworks",
				);
				PRODUCT_BUNDLE_IDENTIFIER = RB.SimpleCurrency;
				PRODUCT_NAME = "$(TARGET_NAME)";
				SWIFT_VERSION = 5.0;
				TARGETED_DEVICE_FAMILY = "1,2";
			};
			name = Debug;
		};
		319865412525F19200C64013 /* Release */ = {
			isa = XCBuildConfiguration;
			buildSettings = {
				ASSETCATALOG_COMPILER_APPICON_NAME = AppIcon;
				CODE_SIGN_STYLE = Automatic;
				DEVELOPMENT_TEAM = XJX96H8YYG;
				INFOPLIST_FILE = SimpleCurrency/Info.plist;
				LD_RUNPATH_SEARCH_PATHS = (
					"$(inherited)",
					"@executable_path/Frameworks",
				);
				PRODUCT_BUNDLE_IDENTIFIER = RB.SimpleCurrency;
				PRODUCT_NAME = "$(TARGET_NAME)";
				SWIFT_VERSION = 5.0;
				TARGETED_DEVICE_FAMILY = "1,2";
			};
			name = Release;
		};
		319865432525F19200C64013 /* Debug */ = {
			isa = XCBuildConfiguration;
			buildSettings = {
				ALWAYS_EMBED_SWIFT_STANDARD_LIBRARIES = YES;
				BUNDLE_LOADER = "$(TEST_HOST)";
				CODE_SIGN_STYLE = Automatic;
				DEVELOPMENT_TEAM = XJX96H8YYG;
				INFOPLIST_FILE = SimpleCurrencyTests/Info.plist;
				IPHONEOS_DEPLOYMENT_TARGET = 13.6;
				LD_RUNPATH_SEARCH_PATHS = (
					"$(inherited)",
					"@executable_path/Frameworks",
					"@loader_path/Frameworks",
				);
				PRODUCT_BUNDLE_IDENTIFIER = RB.SimpleCurrencyTests;
				PRODUCT_NAME = "$(TARGET_NAME)";
				SWIFT_VERSION = 5.0;
				TARGETED_DEVICE_FAMILY = "1,2";
				TEST_HOST = "$(BUILT_PRODUCTS_DIR)/SimpleCurrency.app/SimpleCurrency";
			};
			name = Debug;
		};
		319865442525F19200C64013 /* Release */ = {
			isa = XCBuildConfiguration;
			buildSettings = {
				ALWAYS_EMBED_SWIFT_STANDARD_LIBRARIES = YES;
				BUNDLE_LOADER = "$(TEST_HOST)";
				CODE_SIGN_STYLE = Automatic;
				DEVELOPMENT_TEAM = XJX96H8YYG;
				INFOPLIST_FILE = SimpleCurrencyTests/Info.plist;
				IPHONEOS_DEPLOYMENT_TARGET = 13.6;
				LD_RUNPATH_SEARCH_PATHS = (
					"$(inherited)",
					"@executable_path/Frameworks",
					"@loader_path/Frameworks",
				);
				PRODUCT_BUNDLE_IDENTIFIER = RB.SimpleCurrencyTests;
				PRODUCT_NAME = "$(TARGET_NAME)";
				SWIFT_VERSION = 5.0;
				TARGETED_DEVICE_FAMILY = "1,2";
				TEST_HOST = "$(BUILT_PRODUCTS_DIR)/SimpleCurrency.app/SimpleCurrency";
			};
			name = Release;
		};
		319865462525F19200C64013 /* Debug */ = {
			isa = XCBuildConfiguration;
			buildSettings = {
				ALWAYS_EMBED_SWIFT_STANDARD_LIBRARIES = YES;
				CODE_SIGN_STYLE = Automatic;
				DEVELOPMENT_TEAM = XJX96H8YYG;
				INFOPLIST_FILE = SimpleCurrencyUITests/Info.plist;
				LD_RUNPATH_SEARCH_PATHS = (
					"$(inherited)",
					"@executable_path/Frameworks",
					"@loader_path/Frameworks",
				);
				PRODUCT_BUNDLE_IDENTIFIER = RB.SimpleCurrencyUITests;
				PRODUCT_NAME = "$(TARGET_NAME)";
				SWIFT_VERSION = 5.0;
				TARGETED_DEVICE_FAMILY = "1,2";
				TEST_TARGET_NAME = SimpleCurrency;
			};
			name = Debug;
		};
		319865472525F19200C64013 /* Release */ = {
			isa = XCBuildConfiguration;
			buildSettings = {
				ALWAYS_EMBED_SWIFT_STANDARD_LIBRARIES = YES;
				CODE_SIGN_STYLE = Automatic;
				DEVELOPMENT_TEAM = XJX96H8YYG;
				INFOPLIST_FILE = SimpleCurrencyUITests/Info.plist;
				LD_RUNPATH_SEARCH_PATHS = (
					"$(inherited)",
					"@executable_path/Frameworks",
					"@loader_path/Frameworks",
				);
				PRODUCT_BUNDLE_IDENTIFIER = RB.SimpleCurrencyUITests;
				PRODUCT_NAME = "$(TARGET_NAME)";
				SWIFT_VERSION = 5.0;
				TARGETED_DEVICE_FAMILY = "1,2";
				TEST_TARGET_NAME = SimpleCurrency;
			};
			name = Release;
		};
/* End XCBuildConfiguration section */

/* Begin XCConfigurationList section */
		319865102525F19100C64013 /* Build configuration list for PBXProject "SimpleCurrency" */ = {
			isa = XCConfigurationList;
			buildConfigurations = (
				3198653D2525F19200C64013 /* Debug */,
				3198653E2525F19200C64013 /* Release */,
			);
			defaultConfigurationIsVisible = 0;
			defaultConfigurationName = Release;
		};
		3198653F2525F19200C64013 /* Build configuration list for PBXNativeTarget "SimpleCurrency" */ = {
			isa = XCConfigurationList;
			buildConfigurations = (
				319865402525F19200C64013 /* Debug */,
				319865412525F19200C64013 /* Release */,
			);
			defaultConfigurationIsVisible = 0;
			defaultConfigurationName = Release;
		};
		319865422525F19200C64013 /* Build configuration list for PBXNativeTarget "SimpleCurrencyTests" */ = {
			isa = XCConfigurationList;
			buildConfigurations = (
				319865432525F19200C64013 /* Debug */,
				319865442525F19200C64013 /* Release */,
			);
			defaultConfigurationIsVisible = 0;
			defaultConfigurationName = Release;
		};
		319865452525F19200C64013 /* Build configuration list for PBXNativeTarget "SimpleCurrencyUITests" */ = {
			isa = XCConfigurationList;
			buildConfigurations = (
				319865462525F19200C64013 /* Debug */,
				319865472525F19200C64013 /* Release */,
			);
			defaultConfigurationIsVisible = 0;
			defaultConfigurationName = Release;
		};
/* End XCConfigurationList section */
	};
	rootObject = 3198650D2525F19100C64013 /* Project object */;
}
